
Microsoft Visual Studio Solution File, Format Version 12.00
# Visual Studio Version 16
VisualStudioVersion = 16.0.32002.261
MinimumVisualStudioVersion = 10.0.40219.1
Project("{FAE04EC0-301F-11D3-BF4B-00C04F79EFBC}") = "Data Base Project", "Data Base Project.csproj", "{DCB694C9-E42C-4C16-8CB8-FCAC7DF57C28}"
EndProject
Global
	GlobalSection(SolutionConfigurationPlatforms) = preSolution
		Debug|Any CPU = Debug|Any CPU
		Release|Any CPU = Release|Any CPU
	EndGlobalSection
	GlobalSection(ProjectConfigurationPlatforms) = postSolution
		{DCB694C9-E42C-4C16-8CB8-FCAC7DF57C28}.Debug|Any CPU.ActiveCfg = Debug|Any CPU
		{DCB694C9-E42C-4C16-8CB8-FCAC7DF57C28}.Debug|Any CPU.Build.0 = Debug|Any CPU
		{DCB694C9-E42C-4C16-8CB8-FCAC7DF57C28}.Release|Any CPU.ActiveCfg = Release|Any CPU
		{DCB694C9-E42C-4C16-8CB8-FCAC7DF57C28}.Release|Any CPU.Build.0 = Release|Any CPU
	EndGlobalSection
	GlobalSection(SolutionProperties) = preSolution
		HideSolutionNode = FALSE
	EndGlobalSection
	GlobalSection(ExtensibilityGlobals) = postSolution
		SolutionGuid = {67AC7F0A-63ED-4295-87C7-6C3BAF8C5D5F}
	EndGlobalSection
EndGlobal
